
Microsoft Visual Studio Solution File, Format Version 12.00
# Visual Studio 14
VisualStudioVersion = 14.0.23107.0
MinimumVisualStudioVersion = 10.0.40219.1
Project("{FAE04EC0-301F-11D3-BF4B-00C04F79EFBC}") = "Angular.SPA", "Angular.SPA\Angular.SPA.csproj", "{E916A99E-D4FF-4389-8EA4-256263B49F2D}"
EndProject
Project("{FAE04EC0-301F-11D3-BF4B-00C04F79EFBC}") = "ELearning.DataModel", "ELearning.DataModel\ELearning.DataModel.csproj", "{E4F9B385-3DDD-4D71-884C-CF7FD9C62878}"
EndProject
Project("{FAE04EC0-301F-11D3-BF4B-00C04F79EFBC}") = "ELearning.WebAPI", "ELearning.WebAPI\ELearning.WebAPI.csproj", "{B5998C5D-AEA7-423C-93F4-3CC02AED0880}"
EndProject
Project("{FAE04EC0-301F-11D3-BF4B-00C04F79EFBC}") = "ELearning.BusinessServices", "ELearning.WebAPI.BusinessServices\ELearning.BusinessServices.csproj", "{4D4F32C8-38F8-436E-9E7A-4A0CA6B00202}"
EndProject
Global
	GlobalSection(SolutionConfigurationPlatforms) = preSolution
		Debug|Any CPU = Debug|Any CPU
		Release|Any CPU = Release|Any CPU
	EndGlobalSection
	GlobalSection(ProjectConfigurationPlatforms) = postSolution
		{E916A99E-D4FF-4389-8EA4-256263B49F2D}.Debug|Any CPU.ActiveCfg = Debug|Any CPU
		{E916A99E-D4FF-4389-8EA4-256263B49F2D}.Debug|Any CPU.Build.0 = Debug|Any CPU
		{E916A99E-D4FF-4389-8EA4-256263B49F2D}.Release|Any CPU.ActiveCfg = Release|Any CPU
		{E916A99E-D4FF-4389-8EA4-256263B49F2D}.Release|Any CPU.Build.0 = Release|Any CPU
		{E4F9B385-3DDD-4D71-884C-CF7FD9C62878}.Debug|Any CPU.ActiveCfg = Debug|Any CPU
		{E4F9B385-3DDD-4D71-884C-CF7FD9C62878}.Debug|Any CPU.Build.0 = Debug|Any CPU
		{E4F9B385-3DDD-4D71-884C-CF7FD9C62878}.Release|Any CPU.ActiveCfg = Release|Any CPU
		{E4F9B385-3DDD-4D71-884C-CF7FD9C62878}.Release|Any CPU.Build.0 = Release|Any CPU
		{B5998C5D-AEA7-423C-93F4-3CC02AED0880}.Debug|Any CPU.ActiveCfg = Debug|Any CPU
		{B5998C5D-AEA7-423C-93F4-3CC02AED0880}.Debug|Any CPU.Build.0 = Debug|Any CPU
		{B5998C5D-AEA7-423C-93F4-3CC02AED0880}.Release|Any CPU.ActiveCfg = Release|Any CPU
		{B5998C5D-AEA7-423C-93F4-3CC02AED0880}.Release|Any CPU.Build.0 = Release|Any CPU
		{4D4F32C8-38F8-436E-9E7A-4A0CA6B00202}.Debug|Any CPU.ActiveCfg = Debug|Any CPU
		{4D4F32C8-38F8-436E-9E7A-4A0CA6B00202}.Debug|Any CPU.Build.0 = Debug|Any CPU
		{4D4F32C8-38F8-436E-9E7A-4A0CA6B00202}.Release|Any CPU.ActiveCfg = Release|Any CPU
		{4D4F32C8-38F8-436E-9E7A-4A0CA6B00202}.Release|Any CPU.Build.0 = Release|Any CPU
	EndGlobalSection
	GlobalSection(SolutionProperties) = preSolution
		HideSolutionNode = FALSE
	EndGlobalSection
EndGlobal
