
Microsoft Visual Studio Solution File, Format Version 12.00
# Visual Studio 14
VisualStudioVersion = 14.0.24720.0
MinimumVisualStudioVersion = 10.0.40219.1
Project("{FAE04EC0-301F-11D3-BF4B-00C04F79EFBC}") = "CW.Backend.Services", "src\CW.Backend.Services\CW.Backend.Services.csproj", "{185AF251-E0FB-4997-812A-206673AFCAA2}"
EndProject
Project("{FAE04EC0-301F-11D3-BF4B-00C04F79EFBC}") = "ELearning.BusinessServices", "src\ELearning.WebAPI.BusinessServices\ELearning.BusinessServices.csproj", "{4D4F32C8-38F8-436E-9E7A-4A0CA6B00202}"
EndProject
Global
	GlobalSection(SolutionConfigurationPlatforms) = preSolution
		Debug|Any CPU = Debug|Any CPU
		Release|Any CPU = Release|Any CPU
	EndGlobalSection
	GlobalSection(ProjectConfigurationPlatforms) = postSolution
		{185AF251-E0FB-4997-812A-206673AFCAA2}.Debug|Any CPU.ActiveCfg = Debug|Any CPU
		{185AF251-E0FB-4997-812A-206673AFCAA2}.Debug|Any CPU.Build.0 = Debug|Any CPU
		{185AF251-E0FB-4997-812A-206673AFCAA2}.Release|Any CPU.ActiveCfg = Release|Any CPU
		{185AF251-E0FB-4997-812A-206673AFCAA2}.Release|Any CPU.Build.0 = Release|Any CPU
		{4D4F32C8-38F8-436E-9E7A-4A0CA6B00202}.Debug|Any CPU.ActiveCfg = Debug|Any CPU
		{4D4F32C8-38F8-436E-9E7A-4A0CA6B00202}.Debug|Any CPU.Build.0 = Debug|Any CPU
		{4D4F32C8-38F8-436E-9E7A-4A0CA6B00202}.Release|Any CPU.ActiveCfg = Release|Any CPU
		{4D4F32C8-38F8-436E-9E7A-4A0CA6B00202}.Release|Any CPU.Build.0 = Release|Any CPU
	EndGlobalSection
	GlobalSection(SolutionProperties) = preSolution
		HideSolutionNode = FALSE
	EndGlobalSection
EndGlobal
